
Microsoft Visual Studio Solution File, Format Version 12.00
# Visual Studio Version 16
VisualStudioVersion = 16.0.31321.278
MinimumVisualStudioVersion = 10.0.40219.1
Project("{888888A0-9F3D-457C-B088-3A5042F75D52}") = "Timur3", "Timur3.pyproj", "{18FC27DE-FA91-4F2E-9B35-3BF829092140}"
EndProject
Global
	GlobalSection(SolutionConfigurationPlatforms) = preSolution
		Debug|Any CPU = Debug|Any CPU
		Release|Any CPU = Release|Any CPU
	EndGlobalSection
	GlobalSection(ProjectConfigurationPlatforms) = postSolution
		{18FC27DE-FA91-4F2E-9B35-3BF829092140}.Debug|Any CPU.ActiveCfg = Debug|Any CPU
		{18FC27DE-FA91-4F2E-9B35-3BF829092140}.Release|Any CPU.ActiveCfg = Release|Any CPU
	EndGlobalSection
	GlobalSection(SolutionProperties) = preSolution
		HideSolutionNode = FALSE
	EndGlobalSection
	GlobalSection(ExtensibilityGlobals) = postSolution
		SolutionGuid = {94206BC7-BE95-4D5F-B6DF-E5C90BC976F5}
	EndGlobalSection
EndGlobal
